
Microsoft Visual Studio Solution File, Format Version 12.00
# Visual Studio 15
VisualStudioVersion = 15.0.27703.2042
MinimumVisualStudioVersion = 10.0.40219.1
Project("{FAE04EC0-301F-11D3-BF4B-00C04F79EFBC}") = "Line-Heuristics", "Line-Heuristics\Line-Heuristics.csproj", "{EEB2EAB1-7B2A-4534-8FC1-370BC7BAB04D}"
EndProject
Global
	GlobalSection(SolutionConfigurationPlatforms) = preSolution
		Debug|Any CPU = Debug|Any CPU
		Release|Any CPU = Release|Any CPU
	EndGlobalSection
	GlobalSection(ProjectConfigurationPlatforms) = postSolution
		{EEB2EAB1-7B2A-4534-8FC1-370BC7BAB04D}.Debug|Any CPU.ActiveCfg = Debug|Any CPU
		{EEB2EAB1-7B2A-4534-8FC1-370BC7BAB04D}.Debug|Any CPU.Build.0 = Debug|Any CPU
		{EEB2EAB1-7B2A-4534-8FC1-370BC7BAB04D}.Release|Any CPU.ActiveCfg = Release|Any CPU
		{EEB2EAB1-7B2A-4534-8FC1-370BC7BAB04D}.Release|Any CPU.Build.0 = Release|Any CPU
	EndGlobalSection
	GlobalSection(SolutionProperties) = preSolution
		HideSolutionNode = FALSE
	EndGlobalSection
	GlobalSection(ExtensibilityGlobals) = postSolution
		SolutionGuid = {651EDF9A-F964-49FD-9AE2-8469559F290E}
	EndGlobalSection
EndGlobal
